
Microsoft Visual Studio Solution File, Format Version 12.00
# Visual Studio Version 17
Project("{8BC9CEB8-8B4A-11D0-8D11-00A0C91BC942}") = "ALL_BUILD", "ALL_BUILD.vcxproj", "{F7BDC7A8-BF0B-3A53-8D74-4639C61DDC82}"
	ProjectSection(ProjectDependencies) = postProject
		{6BAA9501-742D-3C7E-AB62-9CFEEB3C67F6} = {6BAA9501-742D-3C7E-AB62-9CFEEB3C67F6}
		{80C12253-06EE-39DE-87CA-5DE930F2BC43} = {80C12253-06EE-39DE-87CA-5DE930F2BC43}
		{15DE82D6-6BD7-3946-AF96-BF3B8513A037} = {15DE82D6-6BD7-3946-AF96-BF3B8513A037}
		{2A649CFA-7BF4-3D84-9CCD-4AD3EE52CEF4} = {2A649CFA-7BF4-3D84-9CCD-4AD3EE52CEF4}
	EndProjectSection
EndProject
Project("{8BC9CEB8-8B4A-11D0-8D11-00A0C91BC942}") = "ZERO_CHECK", "ZERO_CHECK.vcxproj", "{6BAA9501-742D-3C7E-AB62-9CFEEB3C67F6}"
	ProjectSection(ProjectDependencies) = postProject
	EndProjectSection
EndProject
Project("{8BC9CEB8-8B4A-11D0-8D11-00A0C91BC942}") = "zion-core-miner", "zion-core-miner.vcxproj", "{80C12253-06EE-39DE-87CA-5DE930F2BC43}"
	ProjectSection(ProjectDependencies) = postProject
		{6BAA9501-742D-3C7E-AB62-9CFEEB3C67F6} = {6BAA9501-742D-3C7E-AB62-9CFEEB3C67F6}
		{2A649CFA-7BF4-3D84-9CCD-4AD3EE52CEF4} = {2A649CFA-7BF4-3D84-9CCD-4AD3EE52CEF4}
	EndProjectSection
EndProject
Project("{8BC9CEB8-8B4A-11D0-8D11-00A0C91BC942}") = "zion-core-ui", "zion-core-ui.vcxproj", "{15DE82D6-6BD7-3946-AF96-BF3B8513A037}"
	ProjectSection(ProjectDependencies) = postProject
		{6BAA9501-742D-3C7E-AB62-9CFEEB3C67F6} = {6BAA9501-742D-3C7E-AB62-9CFEEB3C67F6}
		{2A649CFA-7BF4-3D84-9CCD-4AD3EE52CEF4} = {2A649CFA-7BF4-3D84-9CCD-4AD3EE52CEF4}
	EndProjectSection
EndProject
Project("{8BC9CEB8-8B4A-11D0-8D11-00A0C91BC942}") = "zion_mining_core", "zion_mining_core.vcxproj", "{2A649CFA-7BF4-3D84-9CCD-4AD3EE52CEF4}"
	ProjectSection(ProjectDependencies) = postProject
		{6BAA9501-742D-3C7E-AB62-9CFEEB3C67F6} = {6BAA9501-742D-3C7E-AB62-9CFEEB3C67F6}
	EndProjectSection
EndProject
Global
	GlobalSection(SolutionConfigurationPlatforms) = preSolution
		Debug|x64 = Debug|x64
		Release|x64 = Release|x64
		MinSizeRel|x64 = MinSizeRel|x64
		RelWithDebInfo|x64 = RelWithDebInfo|x64
	EndGlobalSection
	GlobalSection(ProjectConfigurationPlatforms) = postSolution
		{F7BDC7A8-BF0B-3A53-8D74-4639C61DDC82}.Debug|x64.ActiveCfg = Debug|x64
		{F7BDC7A8-BF0B-3A53-8D74-4639C61DDC82}.Release|x64.ActiveCfg = Release|x64
		{F7BDC7A8-BF0B-3A53-8D74-4639C61DDC82}.MinSizeRel|x64.ActiveCfg = MinSizeRel|x64
		{F7BDC7A8-BF0B-3A53-8D74-4639C61DDC82}.RelWithDebInfo|x64.ActiveCfg = RelWithDebInfo|x64
		{6BAA9501-742D-3C7E-AB62-9CFEEB3C67F6}.Debug|x64.ActiveCfg = Debug|x64
		{6BAA9501-742D-3C7E-AB62-9CFEEB3C67F6}.Debug|x64.Build.0 = Debug|x64
		{6BAA9501-742D-3C7E-AB62-9CFEEB3C67F6}.Release|x64.ActiveCfg = Release|x64
		{6BAA9501-742D-3C7E-AB62-9CFEEB3C67F6}.Release|x64.Build.0 = Release|x64
		{6BAA9501-742D-3C7E-AB62-9CFEEB3C67F6}.MinSizeRel|x64.ActiveCfg = MinSizeRel|x64
		{6BAA9501-742D-3C7E-AB62-9CFEEB3C67F6}.MinSizeRel|x64.Build.0 = MinSizeRel|x64
		{6BAA9501-742D-3C7E-AB62-9CFEEB3C67F6}.RelWithDebInfo|x64.ActiveCfg = RelWithDebInfo|x64
		{6BAA9501-742D-3C7E-AB62-9CFEEB3C67F6}.RelWithDebInfo|x64.Build.0 = RelWithDebInfo|x64
		{80C12253-06EE-39DE-87CA-5DE930F2BC43}.Debug|x64.ActiveCfg = Debug|x64
		{80C12253-06EE-39DE-87CA-5DE930F2BC43}.Debug|x64.Build.0 = Debug|x64
		{80C12253-06EE-39DE-87CA-5DE930F2BC43}.Release|x64.ActiveCfg = Release|x64
		{80C12253-06EE-39DE-87CA-5DE930F2BC43}.Release|x64.Build.0 = Release|x64
		{80C12253-06EE-39DE-87CA-5DE930F2BC43}.MinSizeRel|x64.ActiveCfg = MinSizeRel|x64
		{80C12253-06EE-39DE-87CA-5DE930F2BC43}.MinSizeRel|x64.Build.0 = MinSizeRel|x64
		{80C12253-06EE-39DE-87CA-5DE930F2BC43}.RelWithDebInfo|x64.ActiveCfg = RelWithDebInfo|x64
		{80C12253-06EE-39DE-87CA-5DE930F2BC43}.RelWithDebInfo|x64.Build.0 = RelWithDebInfo|x64
		{15DE82D6-6BD7-3946-AF96-BF3B8513A037}.Debug|x64.ActiveCfg = Debug|x64
		{15DE82D6-6BD7-3946-AF96-BF3B8513A037}.Debug|x64.Build.0 = Debug|x64
		{15DE82D6-6BD7-3946-AF96-BF3B8513A037}.Release|x64.ActiveCfg = Release|x64
		{15DE82D6-6BD7-3946-AF96-BF3B8513A037}.Release|x64.Build.0 = Release|x64
		{15DE82D6-6BD7-3946-AF96-BF3B8513A037}.MinSizeRel|x64.ActiveCfg = MinSizeRel|x64
		{15DE82D6-6BD7-3946-AF96-BF3B8513A037}.MinSizeRel|x64.Build.0 = MinSizeRel|x64
		{15DE82D6-6BD7-3946-AF96-BF3B8513A037}.RelWithDebInfo|x64.ActiveCfg = RelWithDebInfo|x64
		{15DE82D6-6BD7-3946-AF96-BF3B8513A037}.RelWithDebInfo|x64.Build.0 = RelWithDebInfo|x64
		{2A649CFA-7BF4-3D84-9CCD-4AD3EE52CEF4}.Debug|x64.ActiveCfg = Debug|x64
		{2A649CFA-7BF4-3D84-9CCD-4AD3EE52CEF4}.Debug|x64.Build.0 = Debug|x64
		{2A649CFA-7BF4-3D84-9CCD-4AD3EE52CEF4}.Release|x64.ActiveCfg = Release|x64
		{2A649CFA-7BF4-3D84-9CCD-4AD3EE52CEF4}.Release|x64.Build.0 = Release|x64
		{2A649CFA-7BF4-3D84-9CCD-4AD3EE52CEF4}.MinSizeRel|x64.ActiveCfg = MinSizeRel|x64
		{2A649CFA-7BF4-3D84-9CCD-4AD3EE52CEF4}.MinSizeRel|x64.Build.0 = MinSizeRel|x64
		{2A649CFA-7BF4-3D84-9CCD-4AD3EE52CEF4}.RelWithDebInfo|x64.ActiveCfg = RelWithDebInfo|x64
		{2A649CFA-7BF4-3D84-9CCD-4AD3EE52CEF4}.RelWithDebInfo|x64.Build.0 = RelWithDebInfo|x64
	EndGlobalSection
	GlobalSection(ExtensibilityGlobals) = postSolution
		SolutionGuid = {0EB016FD-35A8-3E0B-8268-8FBB3C8F88B7}
	EndGlobalSection
	GlobalSection(ExtensibilityAddIns) = postSolution
	EndGlobalSection
EndGlobal
