<?xml version="1.0" encoding="utf-8"?>
<Project ToolsVersion="17.0" xmlns="http://schemas.microsoft.com/developer/msbuild/2003">
  <ItemGroup>
    <CustomBuild Include="E:\build-xmrig\CMakeFiles\675a57ed05b5435bc8b417319e411688\generate.stamp.rule">
      <Filter>CMake Rules</Filter>
    </CustomBuild>
  </ItemGroup>
  <ItemGroup>
    <Filter Include="CMake Rules">
      <UniqueIdentifier>{EA3C28AD-2C18-3376-98DC-76C3795E092D}</UniqueIdentifier>
    </Filter>
  </ItemGroup>
</Project>
