
Microsoft Visual Studio Solution File, Format Version 12.00
# Visual Studio Version 17
Project("{8BC9CEB8-8B4A-11D0-8D11-00A0C91BC942}") = "ALL_BUILD", "ALL_BUILD.vcxproj", "{9F4E767A-FF92-38E2-BDB9-428947F54407}"
	ProjectSection(ProjectDependencies) = postProject
		{F68BB832-92B9-30BE-9B36-EFB029B0E67A} = {F68BB832-92B9-30BE-9B36-EFB029B0E67A}
		{39802555-77A9-3368-9BCC-894699D7317A} = {39802555-77A9-3368-9BCC-894699D7317A}
	EndProjectSection
EndProject
Project("{8BC9CEB8-8B4A-11D0-8D11-00A0C91BC942}") = "ZERO_CHECK", "ZERO_CHECK.vcxproj", "{F68BB832-92B9-30BE-9B36-EFB029B0E67A}"
	ProjectSection(ProjectDependencies) = postProject
	EndProjectSection
EndProject
Project("{8BC9CEB8-8B4A-11D0-8D11-00A0C91BC942}") = "zion-xmrig-ui", "zion-xmrig-ui.vcxproj", "{39802555-77A9-3368-9BCC-894699D7317A}"
	ProjectSection(ProjectDependencies) = postProject
		{F68BB832-92B9-30BE-9B36-EFB029B0E67A} = {F68BB832-92B9-30BE-9B36-EFB029B0E67A}
	EndProjectSection
EndProject
Global
	GlobalSection(SolutionConfigurationPlatforms) = preSolution
		Debug|x64 = Debug|x64
		Release|x64 = Release|x64
		MinSizeRel|x64 = MinSizeRel|x64
		RelWithDebInfo|x64 = RelWithDebInfo|x64
	EndGlobalSection
	GlobalSection(ProjectConfigurationPlatforms) = postSolution
		{9F4E767A-FF92-38E2-BDB9-428947F54407}.Debug|x64.ActiveCfg = Debug|x64
		{9F4E767A-FF92-38E2-BDB9-428947F54407}.Release|x64.ActiveCfg = Release|x64
		{9F4E767A-FF92-38E2-BDB9-428947F54407}.MinSizeRel|x64.ActiveCfg = MinSizeRel|x64
		{9F4E767A-FF92-38E2-BDB9-428947F54407}.RelWithDebInfo|x64.ActiveCfg = RelWithDebInfo|x64
		{F68BB832-92B9-30BE-9B36-EFB029B0E67A}.Debug|x64.ActiveCfg = Debug|x64
		{F68BB832-92B9-30BE-9B36-EFB029B0E67A}.Debug|x64.Build.0 = Debug|x64
		{F68BB832-92B9-30BE-9B36-EFB029B0E67A}.Release|x64.ActiveCfg = Release|x64
		{F68BB832-92B9-30BE-9B36-EFB029B0E67A}.Release|x64.Build.0 = Release|x64
		{F68BB832-92B9-30BE-9B36-EFB029B0E67A}.MinSizeRel|x64.ActiveCfg = MinSizeRel|x64
		{F68BB832-92B9-30BE-9B36-EFB029B0E67A}.MinSizeRel|x64.Build.0 = MinSizeRel|x64
		{F68BB832-92B9-30BE-9B36-EFB029B0E67A}.RelWithDebInfo|x64.ActiveCfg = RelWithDebInfo|x64
		{F68BB832-92B9-30BE-9B36-EFB029B0E67A}.RelWithDebInfo|x64.Build.0 = RelWithDebInfo|x64
		{39802555-77A9-3368-9BCC-894699D7317A}.Debug|x64.ActiveCfg = Debug|x64
		{39802555-77A9-3368-9BCC-894699D7317A}.Debug|x64.Build.0 = Debug|x64
		{39802555-77A9-3368-9BCC-894699D7317A}.Release|x64.ActiveCfg = Release|x64
		{39802555-77A9-3368-9BCC-894699D7317A}.Release|x64.Build.0 = Release|x64
		{39802555-77A9-3368-9BCC-894699D7317A}.MinSizeRel|x64.ActiveCfg = MinSizeRel|x64
		{39802555-77A9-3368-9BCC-894699D7317A}.MinSizeRel|x64.Build.0 = MinSizeRel|x64
		{39802555-77A9-3368-9BCC-894699D7317A}.RelWithDebInfo|x64.ActiveCfg = RelWithDebInfo|x64
		{39802555-77A9-3368-9BCC-894699D7317A}.RelWithDebInfo|x64.Build.0 = RelWithDebInfo|x64
	EndGlobalSection
	GlobalSection(ExtensibilityGlobals) = postSolution
		SolutionGuid = {05746CB0-1BDE-3AA4-9541-9D9FD15CACBE}
	EndGlobalSection
	GlobalSection(ExtensibilityAddIns) = postSolution
	EndGlobalSection
EndGlobal
