
Microsoft Visual Studio Solution File, Format Version 12.00
# Visual Studio Version 17
Project("{8BC9CEB8-8B4A-11D0-8D11-00A0C91BC942}") = "ALL_BUILD", "ALL_BUILD.vcxproj", "{E2EAEBF0-BBAA-3A40-A34B-001919BBA17C}"
	ProjectSection(ProjectDependencies) = postProject
		{5398C5D0-E9BA-3863-AC57-F1A6AA3B6FA8} = {5398C5D0-E9BA-3863-AC57-F1A6AA3B6FA8}
		{2B9A77B1-8543-34C8-9A1B-2787B20CA092} = {2B9A77B1-8543-34C8-9A1B-2787B20CA092}
	EndProjectSection
EndProject
Project("{8BC9CEB8-8B4A-11D0-8D11-00A0C91BC942}") = "INSTALL", "INSTALL.vcxproj", "{F472D4E9-4713-3FA2-8219-55E702AE23AF}"
	ProjectSection(ProjectDependencies) = postProject
		{E2EAEBF0-BBAA-3A40-A34B-001919BBA17C} = {E2EAEBF0-BBAA-3A40-A34B-001919BBA17C}
		{5398C5D0-E9BA-3863-AC57-F1A6AA3B6FA8} = {5398C5D0-E9BA-3863-AC57-F1A6AA3B6FA8}
	EndProjectSection
EndProject
Project("{8BC9CEB8-8B4A-11D0-8D11-00A0C91BC942}") = "ZERO_CHECK", "ZERO_CHECK.vcxproj", "{5398C5D0-E9BA-3863-AC57-F1A6AA3B6FA8}"
	ProjectSection(ProjectDependencies) = postProject
	EndProjectSection
EndProject
Project("{8BC9CEB8-8B4A-11D0-8D11-00A0C91BC942}") = "zion-cpu-miner", "zion-cpu-miner.vcxproj", "{2B9A77B1-8543-34C8-9A1B-2787B20CA092}"
	ProjectSection(ProjectDependencies) = postProject
		{5398C5D0-E9BA-3863-AC57-F1A6AA3B6FA8} = {5398C5D0-E9BA-3863-AC57-F1A6AA3B6FA8}
	EndProjectSection
EndProject
Global
	GlobalSection(SolutionConfigurationPlatforms) = preSolution
		Debug|x64 = Debug|x64
		Release|x64 = Release|x64
		MinSizeRel|x64 = MinSizeRel|x64
		RelWithDebInfo|x64 = RelWithDebInfo|x64
	EndGlobalSection
	GlobalSection(ProjectConfigurationPlatforms) = postSolution
		{E2EAEBF0-BBAA-3A40-A34B-001919BBA17C}.Debug|x64.ActiveCfg = Debug|x64
		{E2EAEBF0-BBAA-3A40-A34B-001919BBA17C}.Debug|x64.Build.0 = Debug|x64
		{E2EAEBF0-BBAA-3A40-A34B-001919BBA17C}.Release|x64.ActiveCfg = Release|x64
		{E2EAEBF0-BBAA-3A40-A34B-001919BBA17C}.Release|x64.Build.0 = Release|x64
		{E2EAEBF0-BBAA-3A40-A34B-001919BBA17C}.MinSizeRel|x64.ActiveCfg = MinSizeRel|x64
		{E2EAEBF0-BBAA-3A40-A34B-001919BBA17C}.MinSizeRel|x64.Build.0 = MinSizeRel|x64
		{E2EAEBF0-BBAA-3A40-A34B-001919BBA17C}.RelWithDebInfo|x64.ActiveCfg = RelWithDebInfo|x64
		{E2EAEBF0-BBAA-3A40-A34B-001919BBA17C}.RelWithDebInfo|x64.Build.0 = RelWithDebInfo|x64
		{F472D4E9-4713-3FA2-8219-55E702AE23AF}.Debug|x64.ActiveCfg = Debug|x64
		{F472D4E9-4713-3FA2-8219-55E702AE23AF}.Release|x64.ActiveCfg = Release|x64
		{F472D4E9-4713-3FA2-8219-55E702AE23AF}.MinSizeRel|x64.ActiveCfg = MinSizeRel|x64
		{F472D4E9-4713-3FA2-8219-55E702AE23AF}.RelWithDebInfo|x64.ActiveCfg = RelWithDebInfo|x64
		{5398C5D0-E9BA-3863-AC57-F1A6AA3B6FA8}.Debug|x64.ActiveCfg = Debug|x64
		{5398C5D0-E9BA-3863-AC57-F1A6AA3B6FA8}.Debug|x64.Build.0 = Debug|x64
		{5398C5D0-E9BA-3863-AC57-F1A6AA3B6FA8}.Release|x64.ActiveCfg = Release|x64
		{5398C5D0-E9BA-3863-AC57-F1A6AA3B6FA8}.Release|x64.Build.0 = Release|x64
		{5398C5D0-E9BA-3863-AC57-F1A6AA3B6FA8}.MinSizeRel|x64.ActiveCfg = MinSizeRel|x64
		{5398C5D0-E9BA-3863-AC57-F1A6AA3B6FA8}.MinSizeRel|x64.Build.0 = MinSizeRel|x64
		{5398C5D0-E9BA-3863-AC57-F1A6AA3B6FA8}.RelWithDebInfo|x64.ActiveCfg = RelWithDebInfo|x64
		{5398C5D0-E9BA-3863-AC57-F1A6AA3B6FA8}.RelWithDebInfo|x64.Build.0 = RelWithDebInfo|x64
		{2B9A77B1-8543-34C8-9A1B-2787B20CA092}.Debug|x64.ActiveCfg = Debug|x64
		{2B9A77B1-8543-34C8-9A1B-2787B20CA092}.Debug|x64.Build.0 = Debug|x64
		{2B9A77B1-8543-34C8-9A1B-2787B20CA092}.Release|x64.ActiveCfg = Release|x64
		{2B9A77B1-8543-34C8-9A1B-2787B20CA092}.Release|x64.Build.0 = Release|x64
		{2B9A77B1-8543-34C8-9A1B-2787B20CA092}.MinSizeRel|x64.ActiveCfg = MinSizeRel|x64
		{2B9A77B1-8543-34C8-9A1B-2787B20CA092}.MinSizeRel|x64.Build.0 = MinSizeRel|x64
		{2B9A77B1-8543-34C8-9A1B-2787B20CA092}.RelWithDebInfo|x64.ActiveCfg = RelWithDebInfo|x64
		{2B9A77B1-8543-34C8-9A1B-2787B20CA092}.RelWithDebInfo|x64.Build.0 = RelWithDebInfo|x64
	EndGlobalSection
	GlobalSection(ExtensibilityGlobals) = postSolution
		SolutionGuid = {1480E699-9CD3-39DB-BBDC-FA7697C1E8CB}
	EndGlobalSection
	GlobalSection(ExtensibilityAddIns) = postSolution
	EndGlobalSection
EndGlobal
